// !$*UTF8*$!
{
	archiveVersion = 1;
	classes = {
	};
	objectVersion = 56;
	objects = {

/* Begin PBXBuildFile section */
		7F29D54D28F3D44600F93A87 /* CommunicationHelperApp.swift in Sources */ = {isa = PBXBuildFile; fileRef = 7F29D54C28F3D44600F93A87 /* CommunicationHelperApp.swift */; };
		7F29D54F28F3D44600F93A87 /* TopView.swift in Sources */ = {isa = PBXBuildFile; fileRef = 7F29D54E28F3D44600F93A87 /* TopView.swift */; };
		7F29D55128F3D44700F93A87 /* Assets.xcassets in Resources */ = {isa = PBXBuildFile; fileRef = 7F29D55028F3D44700F93A87 /* Assets.xcassets */; };
		7F29D55428F3D44700F93A87 /* Preview Assets.xcassets in Resources */ = {isa = PBXBuildFile; fileRef = 7F29D55328F3D44700F93A87 /* Preview Assets.xcassets */; };
		7F29D55C28F3D6B500F93A87 /* ComposableArchitecture in Frameworks */ = {isa = PBXBuildFile; productRef = 7F29D55B28F3D6B500F93A87 /* ComposableArchitecture */; };
		7F29D55E28F3F27900F93A87 /* GoogleService-Info.plist in Resources */ = {isa = PBXBuildFile; fileRef = 7F29D55D28F3F27900F93A87 /* GoogleService-Info.plist */; };
		7F29D56128F3F3F000F93A87 /* FirebaseAnalytics in Frameworks */ = {isa = PBXBuildFile; productRef = 7F29D56028F3F3F000F93A87 /* FirebaseAnalytics */; };
		7F29D56328F3F3F000F93A87 /* FirebaseAuth in Frameworks */ = {isa = PBXBuildFile; productRef = 7F29D56228F3F3F000F93A87 /* FirebaseAuth */; };
		7F29D56528F3F3F000F93A87 /* FirebaseCrashlytics in Frameworks */ = {isa = PBXBuildFile; productRef = 7F29D56428F3F3F000F93A87 /* FirebaseCrashlytics */; };
		7F29D56728F3F3F000F93A87 /* FirebaseFirestore in Frameworks */ = {isa = PBXBuildFile; productRef = 7F29D56628F3F3F000F93A87 /* FirebaseFirestore */; };
		7F29D56928FEECE900F93A87 /* TopCore.swift in Sources */ = {isa = PBXBuildFile; fileRef = 7F29D56828FEECE900F93A87 /* TopCore.swift */; };
		7F29D56B2902D91000F93A87 /* QRCodeGenerator.swift in Sources */ = {isa = PBXBuildFile; fileRef = 7F29D56A2902D91000F93A87 /* QRCodeGenerator.swift */; };
		7F29D56D2902DB4700F93A87 /* OwnerQRCodeView.swift in Sources */ = {isa = PBXBuildFile; fileRef = 7F29D56C2902DB4700F93A87 /* OwnerQRCodeView.swift */; };
		7F29D56F2902E63300F93A87 /* Constants.swift in Sources */ = {isa = PBXBuildFile; fileRef = 7F29D56E2902E63300F93A87 /* Constants.swift */; };
		7F29D5712902EB3300F93A87 /* UIImage+Ext.swift in Sources */ = {isa = PBXBuildFile; fileRef = 7F29D5702902EB3300F93A87 /* UIImage+Ext.swift */; };
		7F29D5732902F37C00F93A87 /* WorkerTopView.swift in Sources */ = {isa = PBXBuildFile; fileRef = 7F29D5722902F37C00F93A87 /* WorkerTopView.swift */; };
		7F29D576290416AA00F93A87 /* WorkerPulseView.swift in Sources */ = {isa = PBXBuildFile; fileRef = 7F29D575290416AA00F93A87 /* WorkerPulseView.swift */; };
		7F29D57F2904259400F93A87 /* QrCodeScannerView.swift in Sources */ = {isa = PBXBuildFile; fileRef = 7F29D57E2904259400F93A87 /* QrCodeScannerView.swift */; };
		7F29D58429042B2000F93A87 /* ColorUtils.swift in Sources */ = {isa = PBXBuildFile; fileRef = 7F29D58329042B2000F93A87 /* ColorUtils.swift */; };
		7F29D5862904348D00F93A87 /* AVCaptureDevice+Ext.swift in Sources */ = {isa = PBXBuildFile; fileRef = 7F29D5852904348D00F93A87 /* AVCaptureDevice+Ext.swift */; };
		7F29D5892904390100F93A87 /* HeartRateManager.swift in Sources */ = {isa = PBXBuildFile; fileRef = 7F29D5882904390100F93A87 /* HeartRateManager.swift */; };
		7F29D58C290448C300F93A87 /* Filter.swift in Sources */ = {isa = PBXBuildFile; fileRef = 7F29D58B290448C200F93A87 /* Filter.swift */; };
		7F29D58E290449D400F93A87 /* PulseDetector.swift in Sources */ = {isa = PBXBuildFile; fileRef = 7F29D58D290449D300F93A87 /* PulseDetector.swift */; };
		7F29D5902904521E00F93A87 /* PulseViewController.swift in Sources */ = {isa = PBXBuildFile; fileRef = 7F29D58F2904521E00F93A87 /* PulseViewController.swift */; };
		7F29D59229058C1300F93A87 /* PulseView.swift in Sources */ = {isa = PBXBuildFile; fileRef = 7F29D59129058C1300F93A87 /* PulseView.swift */; };
		7F29D5C9290D64B400F93A87 /* WorkerTopCore.swift in Sources */ = {isa = PBXBuildFile; fileRef = 7F29D5C8290D64B400F93A87 /* WorkerTopCore.swift */; };
		7F29D5CB290E9AE800F93A87 /* WorkerNewSignUpView.swift in Sources */ = {isa = PBXBuildFile; fileRef = 7F29D5CA290E9AE800F93A87 /* WorkerNewSignUpView.swift */; };
		7F29D5CD290E9BA400F93A87 /* WorkerQRCodeView.swift in Sources */ = {isa = PBXBuildFile; fileRef = 7F29D5CC290E9BA400F93A87 /* WorkerQRCodeView.swift */; };
		7F29D5CF290E9C0F00F93A87 /* WorkerPulseTopView.swift in Sources */ = {isa = PBXBuildFile; fileRef = 7F29D5CE290E9C0F00F93A87 /* WorkerPulseTopView.swift */; };
		7F29D5D1290E9C6700F93A87 /* WorkerEndOfWorkTopView.swift in Sources */ = {isa = PBXBuildFile; fileRef = 7F29D5D0290E9C6700F93A87 /* WorkerEndOfWorkTopView.swift */; };
		7F29D5D3290E9CC300F93A87 /* WorkerEndOfWorkView.swift in Sources */ = {isa = PBXBuildFile; fileRef = 7F29D5D2290E9CC300F93A87 /* WorkerEndOfWorkView.swift */; };
		7F29D5D5290E9D2A00F93A87 /* WorkerEndOfWorkQRCodeView.swift in Sources */ = {isa = PBXBuildFile; fileRef = 7F29D5D4290E9D2A00F93A87 /* WorkerEndOfWorkQRCodeView.swift */; };
		7F29D5D72912C28500F93A87 /* TestWorkerView.swift in Sources */ = {isa = PBXBuildFile; fileRef = 7F29D5D62912C28500F93A87 /* TestWorkerView.swift */; };
		7F29D5DA2912C32C00F93A87 /* PressureView.swift in Sources */ = {isa = PBXBuildFile; fileRef = 7F29D5D92912C32C00F93A87 /* PressureView.swift */; };
		7F29D5DC2912C38900F93A87 /* AltimatorManager.swift in Sources */ = {isa = PBXBuildFile; fileRef = 7F29D5DB2912C38900F93A87 /* AltimatorManager.swift */; };
		7F29D5DF2913F48F00F93A87 /* ChatTitleRow.swift in Sources */ = {isa = PBXBuildFile; fileRef = 7F29D5DE2913F48F00F93A87 /* ChatTitleRow.swift */; };
		7F29D5E12913F53200F93A87 /* WorkerChatTopView.swift in Sources */ = {isa = PBXBuildFile; fileRef = 7F29D5E02913F53200F93A87 /* WorkerChatTopView.swift */; };
		7F29D5E52913F6FC00F93A87 /* ChatMessage.swift in Sources */ = {isa = PBXBuildFile; fileRef = 7F29D5E42913F6FC00F93A87 /* ChatMessage.swift */; };
		7F29D5E72913F74B00F93A87 /* ChatMessageBubble.swift in Sources */ = {isa = PBXBuildFile; fileRef = 7F29D5E62913F74B00F93A87 /* ChatMessageBubble.swift */; };
		7F29D5E92913FA8200F93A87 /* ChatMessageField.swift in Sources */ = {isa = PBXBuildFile; fileRef = 7F29D5E82913FA8200F93A87 /* ChatMessageField.swift */; };
		7F29D5EB2913FF4000F93A87 /* View+Ext.swift in Sources */ = {isa = PBXBuildFile; fileRef = 7F29D5EA2913FF4000F93A87 /* View+Ext.swift */; };
		7F59747C292A45050018ADF5 /* OwnerLoginView.swift in Sources */ = {isa = PBXBuildFile; fileRef = 7F59747B292A45050018ADF5 /* OwnerLoginView.swift */; };
		7F59747E292E27C00018ADF5 /* OwnerManageWorkerCellView.swift in Sources */ = {isa = PBXBuildFile; fileRef = 7F59747D292E27C00018ADF5 /* OwnerManageWorkerCellView.swift */; };
		7F597480292E38680018ADF5 /* OwnerManageStaffCellView.swift in Sources */ = {isa = PBXBuildFile; fileRef = 7F59747F292E38680018ADF5 /* OwnerManageStaffCellView.swift */; };
		7F597482292E3F950018ADF5 /* OwnerSettingOperatingTimeView.swift in Sources */ = {isa = PBXBuildFile; fileRef = 7F597481292E3F950018ADF5 /* OwnerSettingOperatingTimeView.swift */; };
		7F597484292E44F20018ADF5 /* OwnerSettingPressureView.swift in Sources */ = {isa = PBXBuildFile; fileRef = 7F597483292E44F20018ADF5 /* OwnerSettingPressureView.swift */; };
		7F597486292E47040018ADF5 /* OwnerSettingSubscriptionView.swift in Sources */ = {isa = PBXBuildFile; fileRef = 7F597485292E47040018ADF5 /* OwnerSettingSubscriptionView.swift */; };
		7F597488293E2C290018ADF5 /* WorkerChatInputFiveWsAndOneHView.swift in Sources */ = {isa = PBXBuildFile; fileRef = 7F597487293E2C290018ADF5 /* WorkerChatInputFiveWsAndOneHView.swift */; };
		7F84C76729162C5400F11B01 /* OwnerTopCore.swift in Sources */ = {isa = PBXBuildFile; fileRef = 7F84C76629162C5400F11B01 /* OwnerTopCore.swift */; };
		7F84C76A2916416300F11B01 /* TestOwnerView.swift in Sources */ = {isa = PBXBuildFile; fileRef = 7F84C7692916416300F11B01 /* TestOwnerView.swift */; };
		7F84C76E29165FF600F11B01 /* QRCameraView.swift in Sources */ = {isa = PBXBuildFile; fileRef = 7F84C76D29165FF600F11B01 /* QRCameraView.swift */; };
		7F84C770291660D900F11B01 /* WorkerNewRegistrationQrScanCore.swift in Sources */ = {isa = PBXBuildFile; fileRef = 7F84C76F291660D900F11B01 /* WorkerNewRegistrationQrScanCore.swift */; };
		7F84C792291E90CA00F11B01 /* WorkerMorningQrCodeCore.swift in Sources */ = {isa = PBXBuildFile; fileRef = 7F84C791291E90CA00F11B01 /* WorkerMorningQrCodeCore.swift */; };
		7F84C7942921247D00F11B01 /* UserDefault+Ext.swift in Sources */ = {isa = PBXBuildFile; fileRef = 7F84C7932921247D00F11B01 /* UserDefault+Ext.swift */; };
		7F84C7962925291400F11B01 /* OwnerTopView.swift in Sources */ = {isa = PBXBuildFile; fileRef = 7F84C7952925291400F11B01 /* OwnerTopView.swift */; };
		7F84C798292529C500F11B01 /* OwnerManageWorkerTopView.swift in Sources */ = {isa = PBXBuildFile; fileRef = 7F84C797292529C500F11B01 /* OwnerManageWorkerTopView.swift */; };
		7F84C79A292529F300F11B01 /* OwnerManageStaffTopView.swift in Sources */ = {isa = PBXBuildFile; fileRef = 7F84C799292529F300F11B01 /* OwnerManageStaffTopView.swift */; };
		7F84C79C29252A2C00F11B01 /* OwnerSettingTopView.swift in Sources */ = {isa = PBXBuildFile; fileRef = 7F84C79B29252A2C00F11B01 /* OwnerSettingTopView.swift */; };
		7FFA0C2829478D0D00E2BC27 /* WorkerChatInputSentenceView.swift in Sources */ = {isa = PBXBuildFile; fileRef = 7FFA0C2729478D0D00E2BC27 /* WorkerChatInputSentenceView.swift */; };
/* End PBXBuildFile section */

/* Begin PBXFileReference section */
		7F29D54928F3D44600F93A87 /* CommunicationHelperApp.app */ = {isa = PBXFileReference; explicitFileType = wrapper.application; includeInIndex = 0; path = CommunicationHelperApp.app; sourceTree = BUILT_PRODUCTS_DIR; };
		7F29D54C28F3D44600F93A87 /* CommunicationHelperApp.swift */ = {isa = PBXFileReference; lastKnownFileType = sourcecode.swift; path = CommunicationHelperApp.swift; sourceTree = "<group>"; };
		7F29D54E28F3D44600F93A87 /* TopView.swift */ = {isa = PBXFileReference; lastKnownFileType = sourcecode.swift; path = TopView.swift; sourceTree = "<group>"; };
		7F29D55028F3D44700F93A87 /* Assets.xcassets */ = {isa = PBXFileReference; lastKnownFileType = folder.assetcatalog; path = Assets.xcassets; sourceTree = "<group>"; };
		7F29D55328F3D44700F93A87 /* Preview Assets.xcassets */ = {isa = PBXFileReference; lastKnownFileType = folder.assetcatalog; path = "Preview Assets.xcassets"; sourceTree = "<group>"; };
		7F29D55D28F3F27900F93A87 /* GoogleService-Info.plist */ = {isa = PBXFileReference; fileEncoding = 4; lastKnownFileType = text.plist.xml; path = "GoogleService-Info.plist"; sourceTree = "<group>"; };
		7F29D56828FEECE900F93A87 /* TopCore.swift */ = {isa = PBXFileReference; lastKnownFileType = sourcecode.swift; path = TopCore.swift; sourceTree = "<group>"; };
		7F29D56A2902D91000F93A87 /* QRCodeGenerator.swift */ = {isa = PBXFileReference; lastKnownFileType = sourcecode.swift; path = QRCodeGenerator.swift; sourceTree = "<group>"; };
		7F29D56C2902DB4700F93A87 /* OwnerQRCodeView.swift */ = {isa = PBXFileReference; lastKnownFileType = sourcecode.swift; path = OwnerQRCodeView.swift; sourceTree = "<group>"; };
		7F29D56E2902E63300F93A87 /* Constants.swift */ = {isa = PBXFileReference; lastKnownFileType = sourcecode.swift; path = Constants.swift; sourceTree = "<group>"; };
		7F29D5702902EB3300F93A87 /* UIImage+Ext.swift */ = {isa = PBXFileReference; lastKnownFileType = sourcecode.swift; path = "UIImage+Ext.swift"; sourceTree = "<group>"; };
		7F29D5722902F37C00F93A87 /* WorkerTopView.swift */ = {isa = PBXFileReference; lastKnownFileType = sourcecode.swift; path = WorkerTopView.swift; sourceTree = "<group>"; };
		7F29D575290416AA00F93A87 /* WorkerPulseView.swift */ = {isa = PBXFileReference; lastKnownFileType = sourcecode.swift; path = WorkerPulseView.swift; sourceTree = "<group>"; };
		7F29D57E2904259400F93A87 /* QrCodeScannerView.swift */ = {isa = PBXFileReference; lastKnownFileType = sourcecode.swift; path = QrCodeScannerView.swift; sourceTree = "<group>"; };
		7F29D58329042B2000F93A87 /* ColorUtils.swift */ = {isa = PBXFileReference; lastKnownFileType = sourcecode.swift; path = ColorUtils.swift; sourceTree = "<group>"; };
		7F29D5852904348D00F93A87 /* AVCaptureDevice+Ext.swift */ = {isa = PBXFileReference; lastKnownFileType = sourcecode.swift; path = "AVCaptureDevice+Ext.swift"; sourceTree = "<group>"; };
		7F29D5882904390100F93A87 /* HeartRateManager.swift */ = {isa = PBXFileReference; lastKnownFileType = sourcecode.swift; path = HeartRateManager.swift; sourceTree = "<group>"; };
		7F29D58B290448C200F93A87 /* Filter.swift */ = {isa = PBXFileReference; lastKnownFileType = sourcecode.swift; path = Filter.swift; sourceTree = "<group>"; };
		7F29D58D290449D300F93A87 /* PulseDetector.swift */ = {isa = PBXFileReference; lastKnownFileType = sourcecode.swift; path = PulseDetector.swift; sourceTree = "<group>"; };
		7F29D58F2904521E00F93A87 /* PulseViewController.swift */ = {isa = PBXFileReference; lastKnownFileType = sourcecode.swift; path = PulseViewController.swift; sourceTree = "<group>"; };
		7F29D59129058C1300F93A87 /* PulseView.swift */ = {isa = PBXFileReference; lastKnownFileType = sourcecode.swift; path = PulseView.swift; sourceTree = "<group>"; };
		7F29D5C8290D64B400F93A87 /* WorkerTopCore.swift */ = {isa = PBXFileReference; lastKnownFileType = sourcecode.swift; path = WorkerTopCore.swift; sourceTree = "<group>"; };
		7F29D5CA290E9AE800F93A87 /* WorkerNewSignUpView.swift */ = {isa = PBXFileReference; lastKnownFileType = sourcecode.swift; path = WorkerNewSignUpView.swift; sourceTree = "<group>"; };
		7F29D5CC290E9BA400F93A87 /* WorkerQRCodeView.swift */ = {isa = PBXFileReference; lastKnownFileType = sourcecode.swift; path = WorkerQRCodeView.swift; sourceTree = "<group>"; };
		7F29D5CE290E9C0F00F93A87 /* WorkerPulseTopView.swift */ = {isa = PBXFileReference; lastKnownFileType = sourcecode.swift; path = WorkerPulseTopView.swift; sourceTree = "<group>"; };
		7F29D5D0290E9C6700F93A87 /* WorkerEndOfWorkTopView.swift */ = {isa = PBXFileReference; lastKnownFileType = sourcecode.swift; path = WorkerEndOfWorkTopView.swift; sourceTree = "<group>"; };
		7F29D5D2290E9CC300F93A87 /* WorkerEndOfWorkView.swift */ = {isa = PBXFileReference; lastKnownFileType = sourcecode.swift; path = WorkerEndOfWorkView.swift; sourceTree = "<group>"; };
		7F29D5D4290E9D2A00F93A87 /* WorkerEndOfWorkQRCodeView.swift */ = {isa = PBXFileReference; lastKnownFileType = sourcecode.swift; path = WorkerEndOfWorkQRCodeView.swift; sourceTree = "<group>"; };
		7F29D5D62912C28500F93A87 /* TestWorkerView.swift */ = {isa = PBXFileReference; lastKnownFileType = sourcecode.swift; path = TestWorkerView.swift; sourceTree = "<group>"; };
		7F29D5D92912C32C00F93A87 /* PressureView.swift */ = {isa = PBXFileReference; lastKnownFileType = sourcecode.swift; path = PressureView.swift; sourceTree = "<group>"; };
		7F29D5DB2912C38900F93A87 /* AltimatorManager.swift */ = {isa = PBXFileReference; lastKnownFileType = sourcecode.swift; path = AltimatorManager.swift; sourceTree = "<group>"; };
		7F29D5DE2913F48F00F93A87 /* ChatTitleRow.swift */ = {isa = PBXFileReference; lastKnownFileType = sourcecode.swift; path = ChatTitleRow.swift; sourceTree = "<group>"; };
		7F29D5E02913F53200F93A87 /* WorkerChatTopView.swift */ = {isa = PBXFileReference; lastKnownFileType = sourcecode.swift; path = WorkerChatTopView.swift; sourceTree = "<group>"; };
		7F29D5E42913F6FC00F93A87 /* ChatMessage.swift */ = {isa = PBXFileReference; lastKnownFileType = sourcecode.swift; path = ChatMessage.swift; sourceTree = "<group>"; };
		7F29D5E62913F74B00F93A87 /* ChatMessageBubble.swift */ = {isa = PBXFileReference; lastKnownFileType = sourcecode.swift; path = ChatMessageBubble.swift; sourceTree = "<group>"; };
		7F29D5E82913FA8200F93A87 /* ChatMessageField.swift */ = {isa = PBXFileReference; lastKnownFileType = sourcecode.swift; path = ChatMessageField.swift; sourceTree = "<group>"; };
		7F29D5EA2913FF4000F93A87 /* View+Ext.swift */ = {isa = PBXFileReference; lastKnownFileType = sourcecode.swift; path = "View+Ext.swift"; sourceTree = "<group>"; };
		7F59747B292A45050018ADF5 /* OwnerLoginView.swift */ = {isa = PBXFileReference; lastKnownFileType = sourcecode.swift; path = OwnerLoginView.swift; sourceTree = "<group>"; };
		7F59747D292E27C00018ADF5 /* OwnerManageWorkerCellView.swift */ = {isa = PBXFileReference; lastKnownFileType = sourcecode.swift; path = OwnerManageWorkerCellView.swift; sourceTree = "<group>"; };
		7F59747F292E38680018ADF5 /* OwnerManageStaffCellView.swift */ = {isa = PBXFileReference; lastKnownFileType = sourcecode.swift; path = OwnerManageStaffCellView.swift; sourceTree = "<group>"; };
		7F597481292E3F950018ADF5 /* OwnerSettingOperatingTimeView.swift */ = {isa = PBXFileReference; lastKnownFileType = sourcecode.swift; path = OwnerSettingOperatingTimeView.swift; sourceTree = "<group>"; };
		7F597483292E44F20018ADF5 /* OwnerSettingPressureView.swift */ = {isa = PBXFileReference; lastKnownFileType = sourcecode.swift; path = OwnerSettingPressureView.swift; sourceTree = "<group>"; };
		7F597485292E47040018ADF5 /* OwnerSettingSubscriptionView.swift */ = {isa = PBXFileReference; lastKnownFileType = sourcecode.swift; path = OwnerSettingSubscriptionView.swift; sourceTree = "<group>"; };
		7F597487293E2C290018ADF5 /* WorkerChatInputFiveWsAndOneHView.swift */ = {isa = PBXFileReference; lastKnownFileType = sourcecode.swift; path = WorkerChatInputFiveWsAndOneHView.swift; sourceTree = "<group>"; };
		7F84C76629162C5400F11B01 /* OwnerTopCore.swift */ = {isa = PBXFileReference; lastKnownFileType = sourcecode.swift; path = OwnerTopCore.swift; sourceTree = "<group>"; };
		7F84C7692916416300F11B01 /* TestOwnerView.swift */ = {isa = PBXFileReference; lastKnownFileType = sourcecode.swift; path = TestOwnerView.swift; sourceTree = "<group>"; };
		7F84C76D29165FF600F11B01 /* QRCameraView.swift */ = {isa = PBXFileReference; lastKnownFileType = sourcecode.swift; path = QRCameraView.swift; sourceTree = "<group>"; };
		7F84C76F291660D900F11B01 /* WorkerNewRegistrationQrScanCore.swift */ = {isa = PBXFileReference; lastKnownFileType = sourcecode.swift; path = WorkerNewRegistrationQrScanCore.swift; sourceTree = "<group>"; };
		7F84C791291E90CA00F11B01 /* WorkerMorningQrCodeCore.swift */ = {isa = PBXFileReference; lastKnownFileType = sourcecode.swift; path = WorkerMorningQrCodeCore.swift; sourceTree = "<group>"; };
		7F84C7932921247D00F11B01 /* UserDefault+Ext.swift */ = {isa = PBXFileReference; lastKnownFileType = sourcecode.swift; path = "UserDefault+Ext.swift"; sourceTree = "<group>"; };
		7F84C7952925291400F11B01 /* OwnerTopView.swift */ = {isa = PBXFileReference; lastKnownFileType = sourcecode.swift; path = OwnerTopView.swift; sourceTree = "<group>"; };
		7F84C797292529C500F11B01 /* OwnerManageWorkerTopView.swift */ = {isa = PBXFileReference; lastKnownFileType = sourcecode.swift; path = OwnerManageWorkerTopView.swift; sourceTree = "<group>"; };
		7F84C799292529F300F11B01 /* OwnerManageStaffTopView.swift */ = {isa = PBXFileReference; lastKnownFileType = sourcecode.swift; path = OwnerManageStaffTopView.swift; sourceTree = "<group>"; };
		7F84C79B29252A2C00F11B01 /* OwnerSettingTopView.swift */ = {isa = PBXFileReference; lastKnownFileType = sourcecode.swift; path = OwnerSettingTopView.swift; sourceTree = "<group>"; };
		7FFA0C2729478D0D00E2BC27 /* WorkerChatInputSentenceView.swift */ = {isa = PBXFileReference; lastKnownFileType = sourcecode.swift; path = WorkerChatInputSentenceView.swift; sourceTree = "<group>"; };
/* End PBXFileReference section */

/* Begin PBXFrameworksBuildPhase section */
		7F29D54628F3D44600F93A87 /* Frameworks */ = {
			isa = PBXFrameworksBuildPhase;
			buildActionMask = 2147483647;
			files = (
				7F29D56128F3F3F000F93A87 /* FirebaseAnalytics in Frameworks */,
				7F29D56528F3F3F000F93A87 /* FirebaseCrashlytics in Frameworks */,
				7F29D56328F3F3F000F93A87 /* FirebaseAuth in Frameworks */,
				7F29D56728F3F3F000F93A87 /* FirebaseFirestore in Frameworks */,
				7F29D55C28F3D6B500F93A87 /* ComposableArchitecture in Frameworks */,
			);
			runOnlyForDeploymentPostprocessing = 0;
		};
/* End PBXFrameworksBuildPhase section */

/* Begin PBXGroup section */
		7F29D54028F3D44600F93A87 = {
			isa = PBXGroup;
			children = (
				7F29D54B28F3D44600F93A87 /* CommunicationHelperApp */,
				7F29D54A28F3D44600F93A87 /* Products */,
			);
			sourceTree = "<group>";
		};
		7F29D54A28F3D44600F93A87 /* Products */ = {
			isa = PBXGroup;
			children = (
				7F29D54928F3D44600F93A87 /* CommunicationHelperApp.app */,
			);
			name = Products;
			sourceTree = "<group>";
		};
		7F29D54B28F3D44600F93A87 /* CommunicationHelperApp */ = {
			isa = PBXGroup;
			children = (
				7F29D5C7290C09C200F93A87 /* Core */,
				7F29D5C5290C095E00F93A87 /* Extension */,
				7F29D5E22913F6D500F93A87 /* Model */,
				7F29D5C6290C09A500F93A87 /* Util */,
				7F29D5C3290C08F100F93A87 /* View */,
				7F29D5C1290C089C00F93A87 /* FunctionalParts */,
				7F29D55D28F3F27900F93A87 /* GoogleService-Info.plist */,
				7F29D55028F3D44700F93A87 /* Assets.xcassets */,
				7F29D55228F3D44700F93A87 /* Preview Content */,
			);
			path = CommunicationHelperApp;
			sourceTree = "<group>";
		};
		7F29D55228F3D44700F93A87 /* Preview Content */ = {
			isa = PBXGroup;
			children = (
				7F29D55328F3D44700F93A87 /* Preview Assets.xcassets */,
			);
			path = "Preview Content";
			sourceTree = "<group>";
		};
		7F29D577290420C200F93A87 /* QRScanner */ = {
			isa = PBXGroup;
			children = (
				7F29D57E2904259400F93A87 /* QrCodeScannerView.swift */,
				7F84C76D29165FF600F11B01 /* QRCameraView.swift */,
			);
			path = QRScanner;
			sourceTree = "<group>";
		};
		7F29D58129042AFB00F93A87 /* Pulse */ = {
			isa = PBXGroup;
			children = (
				7F29D58A290448B300F93A87 /* Pulse Detectoer Helpers */,
				7F29D587290438F200F93A87 /* Managers */,
				7F29D58229042B0B00F93A87 /* Utilities */,
				7F29D58F2904521E00F93A87 /* PulseViewController.swift */,
				7F29D59129058C1300F93A87 /* PulseView.swift */,
			);
			path = Pulse;
			sourceTree = "<group>";
		};
		7F29D58229042B0B00F93A87 /* Utilities */ = {
			isa = PBXGroup;
			children = (
				7F29D58329042B2000F93A87 /* ColorUtils.swift */,
			);
			path = Utilities;
			sourceTree = "<group>";
		};
		7F29D587290438F200F93A87 /* Managers */ = {
			isa = PBXGroup;
			children = (
				7F29D5882904390100F93A87 /* HeartRateManager.swift */,
			);
			path = Managers;
			sourceTree = "<group>";
		};
		7F29D58A290448B300F93A87 /* Pulse Detectoer Helpers */ = {
			isa = PBXGroup;
			children = (
				7F29D58B290448C200F93A87 /* Filter.swift */,
				7F29D58D290449D300F93A87 /* PulseDetector.swift */,
			);
			path = "Pulse Detectoer Helpers";
			sourceTree = "<group>";
		};
		7F29D5C1290C089C00F93A87 /* FunctionalParts */ = {
			isa = PBXGroup;
			children = (
				7F84C76C29165F3600F11B01 /* QRGenerator */,
				7F29D5DD2913F3C500F93A87 /* Chats */,
				7F29D5D82912C31500F93A87 /* AirPressure */,
				7F29D58129042AFB00F93A87 /* Pulse */,
				7F29D577290420C200F93A87 /* QRScanner */,
			);
			path = FunctionalParts;
			sourceTree = "<group>";
		};
		7F29D5C2290C08DB00F93A87 /* Worker */ = {
			isa = PBXGroup;
			children = (
				7F84C76B29165EFD00F11B01 /* NewRegistration */,
				7F29D5722902F37C00F93A87 /* WorkerTopView.swift */,
				7F597487293E2C290018ADF5 /* WorkerChatInputFiveWsAndOneHView.swift */,
				7FFA0C2729478D0D00E2BC27 /* WorkerChatInputSentenceView.swift */,
				7F29D5D2290E9CC300F93A87 /* WorkerEndOfWorkView.swift */,
				7F29D575290416AA00F93A87 /* WorkerPulseView.swift */,
				7F29D5CC290E9BA400F93A87 /* WorkerQRCodeView.swift */,
				7F29D5CE290E9C0F00F93A87 /* WorkerPulseTopView.swift */,
				7F29D5E02913F53200F93A87 /* WorkerChatTopView.swift */,
				7F29D5D0290E9C6700F93A87 /* WorkerEndOfWorkTopView.swift */,
				7F29D5D4290E9D2A00F93A87 /* WorkerEndOfWorkQRCodeView.swift */,
			);
			path = Worker;
			sourceTree = "<group>";
		};
		7F29D5C3290C08F100F93A87 /* View */ = {
			isa = PBXGroup;
			children = (
				7F84C7682916414C00F11B01 /* Test */,
				7F29D5C4290C090D00F93A87 /* Owner */,
				7F29D54C28F3D44600F93A87 /* CommunicationHelperApp.swift */,
				7F29D54E28F3D44600F93A87 /* TopView.swift */,
				7F29D5C2290C08DB00F93A87 /* Worker */,
			);
			path = View;
			sourceTree = "<group>";
		};
		7F29D5C4290C090D00F93A87 /* Owner */ = {
			isa = PBXGroup;
			children = (
				7F29D56C2902DB4700F93A87 /* OwnerQRCodeView.swift */,
				7F84C7952925291400F11B01 /* OwnerTopView.swift */,
				7F84C799292529F300F11B01 /* OwnerManageStaffTopView.swift */,
				7F59747F292E38680018ADF5 /* OwnerManageStaffCellView.swift */,
				7F84C79B29252A2C00F11B01 /* OwnerSettingTopView.swift */,
				7F597483292E44F20018ADF5 /* OwnerSettingPressureView.swift */,
				7F597481292E3F950018ADF5 /* OwnerSettingOperatingTimeView.swift */,
				7F597485292E47040018ADF5 /* OwnerSettingSubscriptionView.swift */,
				7F84C797292529C500F11B01 /* OwnerManageWorkerTopView.swift */,
				7F59747D292E27C00018ADF5 /* OwnerManageWorkerCellView.swift */,
				7F59747B292A45050018ADF5 /* OwnerLoginView.swift */,
			);
			path = Owner;
			sourceTree = "<group>";
		};
		7F29D5C5290C095E00F93A87 /* Extension */ = {
			isa = PBXGroup;
			children = (
				7F29D5852904348D00F93A87 /* AVCaptureDevice+Ext.swift */,
				7F29D5702902EB3300F93A87 /* UIImage+Ext.swift */,
				7F29D5EA2913FF4000F93A87 /* View+Ext.swift */,
				7F84C7932921247D00F11B01 /* UserDefault+Ext.swift */,
			);
			path = Extension;
			sourceTree = "<group>";
		};
		7F29D5C6290C09A500F93A87 /* Util */ = {
			isa = PBXGroup;
			children = (
				7F29D56E2902E63300F93A87 /* Constants.swift */,
			);
			path = Util;
			sourceTree = "<group>";
		};
		7F29D5C7290C09C200F93A87 /* Core */ = {
			isa = PBXGroup;
			children = (
				7F29D56828FEECE900F93A87 /* TopCore.swift */,
				7F29D5C8290D64B400F93A87 /* WorkerTopCore.swift */,
				7F84C76F291660D900F11B01 /* WorkerNewRegistrationQrScanCore.swift */,
				7F84C791291E90CA00F11B01 /* WorkerMorningQrCodeCore.swift */,
				7F84C76629162C5400F11B01 /* OwnerTopCore.swift */,
			);
			path = Core;
			sourceTree = "<group>";
		};
		7F29D5D82912C31500F93A87 /* AirPressure */ = {
			isa = PBXGroup;
			children = (
				7F29D5D92912C32C00F93A87 /* PressureView.swift */,
				7F29D5DB2912C38900F93A87 /* AltimatorManager.swift */,
			);
			path = AirPressure;
			sourceTree = "<group>";
		};
		7F29D5DD2913F3C500F93A87 /* Chats */ = {
			isa = PBXGroup;
			children = (
				7F29D5DE2913F48F00F93A87 /* ChatTitleRow.swift */,
				7F29D5E62913F74B00F93A87 /* ChatMessageBubble.swift */,
				7F29D5E82913FA8200F93A87 /* ChatMessageField.swift */,
			);
			path = Chats;
			sourceTree = "<group>";
		};
		7F29D5E22913F6D500F93A87 /* Model */ = {
			isa = PBXGroup;
			children = (
				7F29D5E32913F6E100F93A87 /* Chats */,
			);
			path = Model;
			sourceTree = "<group>";
		};
		7F29D5E32913F6E100F93A87 /* Chats */ = {
			isa = PBXGroup;
			children = (
				7F29D5E42913F6FC00F93A87 /* ChatMessage.swift */,
			);
			path = Chats;
			sourceTree = "<group>";
		};
		7F84C7682916414C00F11B01 /* Test */ = {
			isa = PBXGroup;
			children = (
				7F29D5D62912C28500F93A87 /* TestWorkerView.swift */,
				7F84C7692916416300F11B01 /* TestOwnerView.swift */,
			);
			path = Test;
			sourceTree = "<group>";
		};
		7F84C76B29165EFD00F11B01 /* NewRegistration */ = {
			isa = PBXGroup;
			children = (
				7F29D5CA290E9AE800F93A87 /* WorkerNewSignUpView.swift */,
			);
			path = NewRegistration;
			sourceTree = "<group>";
		};
		7F84C76C29165F3600F11B01 /* QRGenerator */ = {
			isa = PBXGroup;
			children = (
				7F29D56A2902D91000F93A87 /* QRCodeGenerator.swift */,
			);
			path = QRGenerator;
			sourceTree = "<group>";
		};
/* End PBXGroup section */

/* Begin PBXNativeTarget section */
		7F29D54828F3D44600F93A87 /* CommunicationHelperApp */ = {
			isa = PBXNativeTarget;
			buildConfigurationList = 7F29D55728F3D44700F93A87 /* Build configuration list for PBXNativeTarget "CommunicationHelperApp" */;
			buildPhases = (
				7F29D54528F3D44600F93A87 /* Sources */,
				7F29D54628F3D44600F93A87 /* Frameworks */,
				7F29D54728F3D44600F93A87 /* Resources */,
				7F29D5742902F55800F93A87 /* Run SwiftLint Script */,
			);
			buildRules = (
			);
			dependencies = (
			);
			name = CommunicationHelperApp;
			packageProductDependencies = (
				7F29D55B28F3D6B500F93A87 /* ComposableArchitecture */,
				7F29D56028F3F3F000F93A87 /* FirebaseAnalytics */,
				7F29D56228F3F3F000F93A87 /* FirebaseAuth */,
				7F29D56428F3F3F000F93A87 /* FirebaseCrashlytics */,
				7F29D56628F3F3F000F93A87 /* FirebaseFirestore */,
			);
			productName = CommunicationHelperApp;
			productReference = 7F29D54928F3D44600F93A87 /* CommunicationHelperApp.app */;
			productType = "com.apple.product-type.application";
		};
/* End PBXNativeTarget section */

/* Begin PBXProject section */
		7F29D54128F3D44600F93A87 /* Project object */ = {
			isa = PBXProject;
			attributes = {
				BuildIndependentTargetsInParallel = 1;
				LastSwiftUpdateCheck = 1400;
				LastUpgradeCheck = 1400;
				TargetAttributes = {
					7F29D54828F3D44600F93A87 = {
						CreatedOnToolsVersion = 14.0;
					};
				};
			};
			buildConfigurationList = 7F29D54428F3D44600F93A87 /* Build configuration list for PBXProject "CommunicationHelperApp" */;
			compatibilityVersion = "Xcode 14.0";
			developmentRegion = en;
			hasScannedForEncodings = 0;
			knownRegions = (
				en,
				Base,
			);
			mainGroup = 7F29D54028F3D44600F93A87;
			packageReferences = (
				7F29D55A28F3D6B500F93A87 /* XCRemoteSwiftPackageReference "swift-composable-architecture" */,
				7F29D55F28F3F3F000F93A87 /* XCRemoteSwiftPackageReference "firebase-ios-sdk" */,
			);
			productRefGroup = 7F29D54A28F3D44600F93A87 /* Products */;
			projectDirPath = "";
			projectRoot = "";
			targets = (
				7F29D54828F3D44600F93A87 /* CommunicationHelperApp */,
			);
		};
/* End PBXProject section */

/* Begin PBXResourcesBuildPhase section */
		7F29D54728F3D44600F93A87 /* Resources */ = {
			isa = PBXResourcesBuildPhase;
			buildActionMask = 2147483647;
			files = (
				7F29D55428F3D44700F93A87 /* Preview Assets.xcassets in Resources */,
				7F29D55128F3D44700F93A87 /* Assets.xcassets in Resources */,
				7F29D55E28F3F27900F93A87 /* GoogleService-Info.plist in Resources */,
			);
			runOnlyForDeploymentPostprocessing = 0;
		};
/* End PBXResourcesBuildPhase section */

/* Begin PBXShellScriptBuildPhase section */
		7F29D5742902F55800F93A87 /* Run SwiftLint Script */ = {
			isa = PBXShellScriptBuildPhase;
			buildActionMask = 2147483647;
			files = (
			);
			inputFileListPaths = (
			);
			inputPaths = (
			);
			name = "Run SwiftLint Script";
			outputFileListPaths = (
			);
			outputPaths = (
			);
			runOnlyForDeploymentPostprocessing = 0;
			shellPath = /bin/sh;
			shellScript = "if which swiftlint >/dev/null; then\n  swiftlint\nelse\n  echo \"SwiftLint does not exist, download from https://github.com/realm/SwiftLint\"\nfi\n";
		};
/* End PBXShellScriptBuildPhase section */

/* Begin PBXSourcesBuildPhase section */
		7F29D54528F3D44600F93A87 /* Sources */ = {
			isa = PBXSourcesBuildPhase;
			buildActionMask = 2147483647;
			files = (
				7F29D5D72912C28500F93A87 /* TestWorkerView.swift in Sources */,
				7F29D5712902EB3300F93A87 /* UIImage+Ext.swift in Sources */,
				7F59747C292A45050018ADF5 /* OwnerLoginView.swift in Sources */,
				7F597488293E2C290018ADF5 /* WorkerChatInputFiveWsAndOneHView.swift in Sources */,
				7F84C76A2916416300F11B01 /* TestOwnerView.swift in Sources */,
				7F29D58429042B2000F93A87 /* ColorUtils.swift in Sources */,
				7F29D54F28F3D44600F93A87 /* TopView.swift in Sources */,
				7F597484292E44F20018ADF5 /* OwnerSettingPressureView.swift in Sources */,
				7F84C79C29252A2C00F11B01 /* OwnerSettingTopView.swift in Sources */,
				7F29D5D1290E9C6700F93A87 /* WorkerEndOfWorkTopView.swift in Sources */,
				7F29D5D3290E9CC300F93A87 /* WorkerEndOfWorkView.swift in Sources */,
				7F84C792291E90CA00F11B01 /* WorkerMorningQrCodeCore.swift in Sources */,
				7F29D5862904348D00F93A87 /* AVCaptureDevice+Ext.swift in Sources */,
				7F29D5CF290E9C0F00F93A87 /* WorkerPulseTopView.swift in Sources */,
				7F29D5CB290E9AE800F93A87 /* WorkerNewSignUpView.swift in Sources */,
				7F29D5C9290D64B400F93A87 /* WorkerTopCore.swift in Sources */,
				7F84C79A292529F300F11B01 /* OwnerManageStaffTopView.swift in Sources */,
				7F59747E292E27C00018ADF5 /* OwnerManageWorkerCellView.swift in Sources */,
				7F597480292E38680018ADF5 /* OwnerManageStaffCellView.swift in Sources */,
				7F29D5902904521E00F93A87 /* PulseViewController.swift in Sources */,
				7F29D5DC2912C38900F93A87 /* AltimatorManager.swift in Sources */,
				7F29D56B2902D91000F93A87 /* QRCodeGenerator.swift in Sources */,
				7F29D54D28F3D44600F93A87 /* CommunicationHelperApp.swift in Sources */,
				7F29D58E290449D400F93A87 /* PulseDetector.swift in Sources */,
				7F29D5DF2913F48F00F93A87 /* ChatTitleRow.swift in Sources */,
				7F597482292E3F950018ADF5 /* OwnerSettingOperatingTimeView.swift in Sources */,
				7F29D56D2902DB4700F93A87 /* OwnerQRCodeView.swift in Sources */,
				7F29D5EB2913FF4000F93A87 /* View+Ext.swift in Sources */,
				7F29D576290416AA00F93A87 /* WorkerPulseView.swift in Sources */,
				7F29D57F2904259400F93A87 /* QrCodeScannerView.swift in Sources */,
				7F29D59229058C1300F93A87 /* PulseView.swift in Sources */,
				7F29D5CD290E9BA400F93A87 /* WorkerQRCodeView.swift in Sources */,
				7F29D5DA2912C32C00F93A87 /* PressureView.swift in Sources */,
				7F84C770291660D900F11B01 /* WorkerNewRegistrationQrScanCore.swift in Sources */,
				7F29D5892904390100F93A87 /* HeartRateManager.swift in Sources */,
				7F84C798292529C500F11B01 /* OwnerManageWorkerTopView.swift in Sources */,
				7F29D5E12913F53200F93A87 /* WorkerChatTopView.swift in Sources */,
				7F29D5E52913F6FC00F93A87 /* ChatMessage.swift in Sources */,
				7F29D56928FEECE900F93A87 /* TopCore.swift in Sources */,
				7F597486292E47040018ADF5 /* OwnerSettingSubscriptionView.swift in Sources */,
				7F84C7962925291400F11B01 /* OwnerTopView.swift in Sources */,
				7F84C76E29165FF600F11B01 /* QRCameraView.swift in Sources */,
				7F29D5732902F37C00F93A87 /* WorkerTopView.swift in Sources */,
				7FFA0C2829478D0D00E2BC27 /* WorkerChatInputSentenceView.swift in Sources */,
				7F29D5D5290E9D2A00F93A87 /* WorkerEndOfWorkQRCodeView.swift in Sources */,
				7F84C7942921247D00F11B01 /* UserDefault+Ext.swift in Sources */,
				7F29D56F2902E63300F93A87 /* Constants.swift in Sources */,
				7F29D58C290448C300F93A87 /* Filter.swift in Sources */,
				7F29D5E92913FA8200F93A87 /* ChatMessageField.swift in Sources */,
				7F84C76729162C5400F11B01 /* OwnerTopCore.swift in Sources */,
				7F29D5E72913F74B00F93A87 /* ChatMessageBubble.swift in Sources */,
			);
			runOnlyForDeploymentPostprocessing = 0;
		};
/* End PBXSourcesBuildPhase section */

/* Begin XCBuildConfiguration section */
		7F29D55528F3D44700F93A87 /* Debug */ = {
			isa = XCBuildConfiguration;
			buildSettings = {
				ALWAYS_SEARCH_USER_PATHS = NO;
				CLANG_ANALYZER_NONNULL = YES;
				CLANG_ANALYZER_NUMBER_OBJECT_CONVERSION = YES_AGGRESSIVE;
				CLANG_CXX_LANGUAGE_STANDARD = "gnu++20";
				CLANG_ENABLE_MODULES = YES;
				CLANG_ENABLE_OBJC_ARC = YES;
				CLANG_ENABLE_OBJC_WEAK = YES;
				CLANG_WARN_BLOCK_CAPTURE_AUTORELEASING = YES;
				CLANG_WARN_BOOL_CONVERSION = YES;
				CLANG_WARN_COMMA = YES;
				CLANG_WARN_CONSTANT_CONVERSION = YES;
				CLANG_WARN_DEPRECATED_OBJC_IMPLEMENTATIONS = YES;
				CLANG_WARN_DIRECT_OBJC_ISA_USAGE = YES_ERROR;
				CLANG_WARN_DOCUMENTATION_COMMENTS = YES;
				CLANG_WARN_EMPTY_BODY = YES;
				CLANG_WARN_ENUM_CONVERSION = YES;
				CLANG_WARN_INFINITE_RECURSION = YES;
				CLANG_WARN_INT_CONVERSION = YES;
				CLANG_WARN_NON_LITERAL_NULL_CONVERSION = YES;
				CLANG_WARN_OBJC_IMPLICIT_RETAIN_SELF = YES;
				CLANG_WARN_OBJC_LITERAL_CONVERSION = YES;
				CLANG_WARN_OBJC_ROOT_CLASS = YES_ERROR;
				CLANG_WARN_QUOTED_INCLUDE_IN_FRAMEWORK_HEADER = YES;
				CLANG_WARN_RANGE_LOOP_ANALYSIS = YES;
				CLANG_WARN_STRICT_PROTOTYPES = YES;
				CLANG_WARN_SUSPICIOUS_MOVE = YES;
				CLANG_WARN_UNGUARDED_AVAILABILITY = YES_AGGRESSIVE;
				CLANG_WARN_UNREACHABLE_CODE = YES;
				CLANG_WARN__DUPLICATE_METHOD_MATCH = YES;
				COPY_PHASE_STRIP = NO;
				DEBUG_INFORMATION_FORMAT = dwarf;
				ENABLE_STRICT_OBJC_MSGSEND = YES;
				ENABLE_TESTABILITY = YES;
				GCC_C_LANGUAGE_STANDARD = gnu11;
				GCC_DYNAMIC_NO_PIC = NO;
				GCC_NO_COMMON_BLOCKS = YES;
				GCC_OPTIMIZATION_LEVEL = 0;
				GCC_PREPROCESSOR_DEFINITIONS = (
					"DEBUG=1",
					"$(inherited)",
				);
				GCC_WARN_64_TO_32_BIT_CONVERSION = YES;
				GCC_WARN_ABOUT_RETURN_TYPE = YES_ERROR;
				GCC_WARN_UNDECLARED_SELECTOR = YES;
				GCC_WARN_UNINITIALIZED_AUTOS = YES_AGGRESSIVE;
				GCC_WARN_UNUSED_FUNCTION = YES;
				GCC_WARN_UNUSED_VARIABLE = YES;
				IPHONEOS_DEPLOYMENT_TARGET = 15.6;
				MTL_ENABLE_DEBUG_INFO = INCLUDE_SOURCE;
				MTL_FAST_MATH = YES;
				ONLY_ACTIVE_ARCH = YES;
				SDKROOT = iphoneos;
				SWIFT_ACTIVE_COMPILATION_CONDITIONS = DEBUG;
				SWIFT_OPTIMIZATION_LEVEL = "-Onone";
			};
			name = Debug;
		};
		7F29D55628F3D44700F93A87 /* Release */ = {
			isa = XCBuildConfiguration;
			buildSettings = {
				ALWAYS_SEARCH_USER_PATHS = NO;
				CLANG_ANALYZER_NONNULL = YES;
				CLANG_ANALYZER_NUMBER_OBJECT_CONVERSION = YES_AGGRESSIVE;
				CLANG_CXX_LANGUAGE_STANDARD = "gnu++20";
				CLANG_ENABLE_MODULES = YES;
				CLANG_ENABLE_OBJC_ARC = YES;
				CLANG_ENABLE_OBJC_WEAK = YES;
				CLANG_WARN_BLOCK_CAPTURE_AUTORELEASING = YES;
				CLANG_WARN_BOOL_CONVERSION = YES;
				CLANG_WARN_COMMA = YES;
				CLANG_WARN_CONSTANT_CONVERSION = YES;
				CLANG_WARN_DEPRECATED_OBJC_IMPLEMENTATIONS = YES;
				CLANG_WARN_DIRECT_OBJC_ISA_USAGE = YES_ERROR;
				CLANG_WARN_DOCUMENTATION_COMMENTS = YES;
				CLANG_WARN_EMPTY_BODY = YES;
				CLANG_WARN_ENUM_CONVERSION = YES;
				CLANG_WARN_INFINITE_RECURSION = YES;
				CLANG_WARN_INT_CONVERSION = YES;
				CLANG_WARN_NON_LITERAL_NULL_CONVERSION = YES;
				CLANG_WARN_OBJC_IMPLICIT_RETAIN_SELF = YES;
				CLANG_WARN_OBJC_LITERAL_CONVERSION = YES;
				CLANG_WARN_OBJC_ROOT_CLASS = YES_ERROR;
				CLANG_WARN_QUOTED_INCLUDE_IN_FRAMEWORK_HEADER = YES;
				CLANG_WARN_RANGE_LOOP_ANALYSIS = YES;
				CLANG_WARN_STRICT_PROTOTYPES = YES;
				CLANG_WARN_SUSPICIOUS_MOVE = YES;
				CLANG_WARN_UNGUARDED_AVAILABILITY = YES_AGGRESSIVE;
				CLANG_WARN_UNREACHABLE_CODE = YES;
				CLANG_WARN__DUPLICATE_METHOD_MATCH = YES;
				COPY_PHASE_STRIP = NO;
				DEBUG_INFORMATION_FORMAT = "dwarf-with-dsym";
				ENABLE_NS_ASSERTIONS = NO;
				ENABLE_STRICT_OBJC_MSGSEND = YES;
				GCC_C_LANGUAGE_STANDARD = gnu11;
				GCC_NO_COMMON_BLOCKS = YES;
				GCC_WARN_64_TO_32_BIT_CONVERSION = YES;
				GCC_WARN_ABOUT_RETURN_TYPE = YES_ERROR;
				GCC_WARN_UNDECLARED_SELECTOR = YES;
				GCC_WARN_UNINITIALIZED_AUTOS = YES_AGGRESSIVE;
				GCC_WARN_UNUSED_FUNCTION = YES;
				GCC_WARN_UNUSED_VARIABLE = YES;
				IPHONEOS_DEPLOYMENT_TARGET = 15.6;
				MTL_ENABLE_DEBUG_INFO = NO;
				MTL_FAST_MATH = YES;
				SDKROOT = iphoneos;
				SWIFT_COMPILATION_MODE = wholemodule;
				SWIFT_OPTIMIZATION_LEVEL = "-O";
				VALIDATE_PRODUCT = YES;
			};
			name = Release;
		};
		7F29D55828F3D44700F93A87 /* Debug */ = {
			isa = XCBuildConfiguration;
			buildSettings = {
				ASSETCATALOG_COMPILER_APPICON_NAME = AppIcon;
				ASSETCATALOG_COMPILER_GLOBAL_ACCENT_COLOR_NAME = AccentColor;
				CODE_SIGN_STYLE = Automatic;
				CURRENT_PROJECT_VERSION = 12;
				DEVELOPMENT_ASSET_PATHS = "\"CommunicationHelperApp/Preview Content\"";
				DEVELOPMENT_TEAM = K6FA22KGKX;
				ENABLE_PREVIEWS = YES;
				GENERATE_INFOPLIST_FILE = YES;
				INFOPLIST_KEY_NSCameraUsageDescription = "To Read QR Code and Pulse";
				INFOPLIST_KEY_UIApplicationSceneManifest_Generation = YES;
				INFOPLIST_KEY_UIApplicationSupportsIndirectInputEvents = YES;
				INFOPLIST_KEY_UILaunchScreen_Generation = YES;
				INFOPLIST_KEY_UISupportedInterfaceOrientations = "UIInterfaceOrientationLandscapeLeft UIInterfaceOrientationLandscapeRight UIInterfaceOrientationPortrait";
				INFOPLIST_KEY_UISupportedInterfaceOrientations_iPad = "UIInterfaceOrientationLandscapeLeft UIInterfaceOrientationLandscapeRight UIInterfaceOrientationPortrait UIInterfaceOrientationPortraitUpsideDown";
				IPHONEOS_DEPLOYMENT_TARGET = 15.0;
				LD_RUNPATH_SEARCH_PATHS = (
					"$(inherited)",
					"@executable_path/Frameworks",
				);
				MARKETING_VERSION = 1.0.0;
				PRODUCT_BUNDLE_IDENTIFIER = com.withios.CommunicationHelperApp;
				PRODUCT_NAME = "$(TARGET_NAME)";
				SWIFT_EMIT_LOC_STRINGS = YES;
				SWIFT_VERSION = 5.0;
				TARGETED_DEVICE_FAMILY = "1,2";
			};
			name = Debug;
		};
		7F29D55928F3D44700F93A87 /* Release */ = {
			isa = XCBuildConfiguration;
			buildSettings = {
				ASSETCATALOG_COMPILER_APPICON_NAME = AppIcon;
				ASSETCATALOG_COMPILER_GLOBAL_ACCENT_COLOR_NAME = AccentColor;
				CODE_SIGN_STYLE = Automatic;
				CURRENT_PROJECT_VERSION = 12;
				DEVELOPMENT_ASSET_PATHS = "\"CommunicationHelperApp/Preview Content\"";
				DEVELOPMENT_TEAM = K6FA22KGKX;
				ENABLE_PREVIEWS = YES;
				GENERATE_INFOPLIST_FILE = YES;
				INFOPLIST_KEY_NSCameraUsageDescription = "To Read QR Code and Pulse";
				INFOPLIST_KEY_UIApplicationSceneManifest_Generation = YES;
				INFOPLIST_KEY_UIApplicationSupportsIndirectInputEvents = YES;
				INFOPLIST_KEY_UILaunchScreen_Generation = YES;
				INFOPLIST_KEY_UISupportedInterfaceOrientations = "UIInterfaceOrientationLandscapeLeft UIInterfaceOrientationLandscapeRight UIInterfaceOrientationPortrait";
				INFOPLIST_KEY_UISupportedInterfaceOrientations_iPad = "UIInterfaceOrientationLandscapeLeft UIInterfaceOrientationLandscapeRight UIInterfaceOrientationPortrait UIInterfaceOrientationPortraitUpsideDown";
				IPHONEOS_DEPLOYMENT_TARGET = 15.0;
				LD_RUNPATH_SEARCH_PATHS = (
					"$(inherited)",
					"@executable_path/Frameworks",
				);
				MARKETING_VERSION = 1.0.0;
				PRODUCT_BUNDLE_IDENTIFIER = com.withios.CommunicationHelperApp;
				PRODUCT_NAME = "$(TARGET_NAME)";
				SWIFT_EMIT_LOC_STRINGS = YES;
				SWIFT_VERSION = 5.0;
				TARGETED_DEVICE_FAMILY = "1,2";
			};
			name = Release;
		};
/* End XCBuildConfiguration section */

/* Begin XCConfigurationList section */
		7F29D54428F3D44600F93A87 /* Build configuration list for PBXProject "CommunicationHelperApp" */ = {
			isa = XCConfigurationList;
			buildConfigurations = (
				7F29D55528F3D44700F93A87 /* Debug */,
				7F29D55628F3D44700F93A87 /* Release */,
			);
			defaultConfigurationIsVisible = 0;
			defaultConfigurationName = Release;
		};
		7F29D55728F3D44700F93A87 /* Build configuration list for PBXNativeTarget "CommunicationHelperApp" */ = {
			isa = XCConfigurationList;
			buildConfigurations = (
				7F29D55828F3D44700F93A87 /* Debug */,
				7F29D55928F3D44700F93A87 /* Release */,
			);
			defaultConfigurationIsVisible = 0;
			defaultConfigurationName = Release;
		};
/* End XCConfigurationList section */

/* Begin XCRemoteSwiftPackageReference section */
		7F29D55A28F3D6B500F93A87 /* XCRemoteSwiftPackageReference "swift-composable-architecture" */ = {
			isa = XCRemoteSwiftPackageReference;
			repositoryURL = "https://github.com/pointfreeco/swift-composable-architecture";
			requirement = {
				branch = main;
				kind = branch;
			};
		};
		7F29D55F28F3F3F000F93A87 /* XCRemoteSwiftPackageReference "firebase-ios-sdk" */ = {
			isa = XCRemoteSwiftPackageReference;
			repositoryURL = "https://github.com/firebase/firebase-ios-sdk";
			requirement = {
				kind = upToNextMajorVersion;
				minimumVersion = 9.0.0;
			};
		};
/* End XCRemoteSwiftPackageReference section */

/* Begin XCSwiftPackageProductDependency section */
		7F29D55B28F3D6B500F93A87 /* ComposableArchitecture */ = {
			isa = XCSwiftPackageProductDependency;
			package = 7F29D55A28F3D6B500F93A87 /* XCRemoteSwiftPackageReference "swift-composable-architecture" */;
			productName = ComposableArchitecture;
		};
		7F29D56028F3F3F000F93A87 /* FirebaseAnalytics */ = {
			isa = XCSwiftPackageProductDependency;
			package = 7F29D55F28F3F3F000F93A87 /* XCRemoteSwiftPackageReference "firebase-ios-sdk" */;
			productName = FirebaseAnalytics;
		};
		7F29D56228F3F3F000F93A87 /* FirebaseAuth */ = {
			isa = XCSwiftPackageProductDependency;
			package = 7F29D55F28F3F3F000F93A87 /* XCRemoteSwiftPackageReference "firebase-ios-sdk" */;
			productName = FirebaseAuth;
		};
		7F29D56428F3F3F000F93A87 /* FirebaseCrashlytics */ = {
			isa = XCSwiftPackageProductDependency;
			package = 7F29D55F28F3F3F000F93A87 /* XCRemoteSwiftPackageReference "firebase-ios-sdk" */;
			productName = FirebaseCrashlytics;
		};
		7F29D56628F3F3F000F93A87 /* FirebaseFirestore */ = {
			isa = XCSwiftPackageProductDependency;
			package = 7F29D55F28F3F3F000F93A87 /* XCRemoteSwiftPackageReference "firebase-ios-sdk" */;
			productName = FirebaseFirestore;
		};
/* End XCSwiftPackageProductDependency section */
	};
	rootObject = 7F29D54128F3D44600F93A87 /* Project object */;
}
