// !$*UTF8*$!
{
	archiveVersion = 1;
	classes = {
	};
	objectVersion = 56;
	objects = {

/* Begin PBXBuildFile section */
		7F29D54D28F3D44600F93A87 /* CommunicationHelperAppApp.swift in Sources */ = {isa = PBXBuildFile; fileRef = 7F29D54C28F3D44600F93A87 /* CommunicationHelperAppApp.swift */; };
		7F29D54F28F3D44600F93A87 /* TopView.swift in Sources */ = {isa = PBXBuildFile; fileRef = 7F29D54E28F3D44600F93A87 /* TopView.swift */; };
		7F29D55128F3D44700F93A87 /* Assets.xcassets in Resources */ = {isa = PBXBuildFile; fileRef = 7F29D55028F3D44700F93A87 /* Assets.xcassets */; };
		7F29D55428F3D44700F93A87 /* Preview Assets.xcassets in Resources */ = {isa = PBXBuildFile; fileRef = 7F29D55328F3D44700F93A87 /* Preview Assets.xcassets */; };
		7F29D55C28F3D6B500F93A87 /* ComposableArchitecture in Frameworks */ = {isa = PBXBuildFile; productRef = 7F29D55B28F3D6B500F93A87 /* ComposableArchitecture */; };
		7F29D55E28F3F27900F93A87 /* GoogleService-Info.plist in Resources */ = {isa = PBXBuildFile; fileRef = 7F29D55D28F3F27900F93A87 /* GoogleService-Info.plist */; };
		7F29D56128F3F3F000F93A87 /* FirebaseAnalytics in Frameworks */ = {isa = PBXBuildFile; productRef = 7F29D56028F3F3F000F93A87 /* FirebaseAnalytics */; };
		7F29D56328F3F3F000F93A87 /* FirebaseAuth in Frameworks */ = {isa = PBXBuildFile; productRef = 7F29D56228F3F3F000F93A87 /* FirebaseAuth */; };
		7F29D56528F3F3F000F93A87 /* FirebaseCrashlytics in Frameworks */ = {isa = PBXBuildFile; productRef = 7F29D56428F3F3F000F93A87 /* FirebaseCrashlytics */; };
		7F29D56728F3F3F000F93A87 /* FirebaseFirestore in Frameworks */ = {isa = PBXBuildFile; productRef = 7F29D56628F3F3F000F93A87 /* FirebaseFirestore */; };
		7F29D56928FEECE900F93A87 /* TopCore.swift in Sources */ = {isa = PBXBuildFile; fileRef = 7F29D56828FEECE900F93A87 /* TopCore.swift */; };
		7F29D56B2902D91000F93A87 /* QRCodeGenerator.swift in Sources */ = {isa = PBXBuildFile; fileRef = 7F29D56A2902D91000F93A87 /* QRCodeGenerator.swift */; };
		7F29D56D2902DB4700F93A87 /* OwnerQRCodeView.swift in Sources */ = {isa = PBXBuildFile; fileRef = 7F29D56C2902DB4700F93A87 /* OwnerQRCodeView.swift */; };
		7F29D56F2902E63300F93A87 /* Constants.swift in Sources */ = {isa = PBXBuildFile; fileRef = 7F29D56E2902E63300F93A87 /* Constants.swift */; };
		7F29D5712902EB3300F93A87 /* UIImage+Ext.swift in Sources */ = {isa = PBXBuildFile; fileRef = 7F29D5702902EB3300F93A87 /* UIImage+Ext.swift */; };
/* End PBXBuildFile section */

/* Begin PBXFileReference section */
		7F29D54928F3D44600F93A87 /* CommunicationHelperApp.app */ = {isa = PBXFileReference; explicitFileType = wrapper.application; includeInIndex = 0; path = CommunicationHelperApp.app; sourceTree = BUILT_PRODUCTS_DIR; };
		7F29D54C28F3D44600F93A87 /* CommunicationHelperAppApp.swift */ = {isa = PBXFileReference; lastKnownFileType = sourcecode.swift; path = CommunicationHelperAppApp.swift; sourceTree = "<group>"; };
		7F29D54E28F3D44600F93A87 /* TopView.swift */ = {isa = PBXFileReference; lastKnownFileType = sourcecode.swift; path = TopView.swift; sourceTree = "<group>"; };
		7F29D55028F3D44700F93A87 /* Assets.xcassets */ = {isa = PBXFileReference; lastKnownFileType = folder.assetcatalog; path = Assets.xcassets; sourceTree = "<group>"; };
		7F29D55328F3D44700F93A87 /* Preview Assets.xcassets */ = {isa = PBXFileReference; lastKnownFileType = folder.assetcatalog; path = "Preview Assets.xcassets"; sourceTree = "<group>"; };
		7F29D55D28F3F27900F93A87 /* GoogleService-Info.plist */ = {isa = PBXFileReference; fileEncoding = 4; lastKnownFileType = text.plist.xml; path = "GoogleService-Info.plist"; sourceTree = "<group>"; };
		7F29D56828FEECE900F93A87 /* TopCore.swift */ = {isa = PBXFileReference; lastKnownFileType = sourcecode.swift; path = TopCore.swift; sourceTree = "<group>"; };
		7F29D56A2902D91000F93A87 /* QRCodeGenerator.swift */ = {isa = PBXFileReference; lastKnownFileType = sourcecode.swift; path = QRCodeGenerator.swift; sourceTree = "<group>"; };
		7F29D56C2902DB4700F93A87 /* OwnerQRCodeView.swift */ = {isa = PBXFileReference; lastKnownFileType = sourcecode.swift; path = OwnerQRCodeView.swift; sourceTree = "<group>"; };
		7F29D56E2902E63300F93A87 /* Constants.swift */ = {isa = PBXFileReference; lastKnownFileType = sourcecode.swift; path = Constants.swift; sourceTree = "<group>"; };
		7F29D5702902EB3300F93A87 /* UIImage+Ext.swift */ = {isa = PBXFileReference; lastKnownFileType = sourcecode.swift; path = "UIImage+Ext.swift"; sourceTree = "<group>"; };
/* End PBXFileReference section */

/* Begin PBXFrameworksBuildPhase section */
		7F29D54628F3D44600F93A87 /* Frameworks */ = {
			isa = PBXFrameworksBuildPhase;
			buildActionMask = 2147483647;
			files = (
				7F29D56128F3F3F000F93A87 /* FirebaseAnalytics in Frameworks */,
				7F29D56528F3F3F000F93A87 /* FirebaseCrashlytics in Frameworks */,
				7F29D56328F3F3F000F93A87 /* FirebaseAuth in Frameworks */,
				7F29D56728F3F3F000F93A87 /* FirebaseFirestore in Frameworks */,
				7F29D55C28F3D6B500F93A87 /* ComposableArchitecture in Frameworks */,
			);
			runOnlyForDeploymentPostprocessing = 0;
		};
/* End PBXFrameworksBuildPhase section */

/* Begin PBXGroup section */
		7F29D54028F3D44600F93A87 = {
			isa = PBXGroup;
			children = (
				7F29D54B28F3D44600F93A87 /* CommunicationHelperApp */,
				7F29D54A28F3D44600F93A87 /* Products */,
			);
			sourceTree = "<group>";
		};
		7F29D54A28F3D44600F93A87 /* Products */ = {
			isa = PBXGroup;
			children = (
				7F29D54928F3D44600F93A87 /* CommunicationHelperApp.app */,
			);
			name = Products;
			sourceTree = "<group>";
		};
		7F29D54B28F3D44600F93A87 /* CommunicationHelperApp */ = {
			isa = PBXGroup;
			children = (
				7F29D54C28F3D44600F93A87 /* CommunicationHelperAppApp.swift */,
				7F29D56E2902E63300F93A87 /* Constants.swift */,
				7F29D54E28F3D44600F93A87 /* TopView.swift */,
				7F29D56C2902DB4700F93A87 /* OwnerQRCodeView.swift */,
				7F29D56828FEECE900F93A87 /* TopCore.swift */,
				7F29D5702902EB3300F93A87 /* UIImage+Ext.swift */,
				7F29D56A2902D91000F93A87 /* QRCodeGenerator.swift */,
				7F29D55D28F3F27900F93A87 /* GoogleService-Info.plist */,
				7F29D55028F3D44700F93A87 /* Assets.xcassets */,
				7F29D55228F3D44700F93A87 /* Preview Content */,
			);
			path = CommunicationHelperApp;
			sourceTree = "<group>";
		};
		7F29D55228F3D44700F93A87 /* Preview Content */ = {
			isa = PBXGroup;
			children = (
				7F29D55328F3D44700F93A87 /* Preview Assets.xcassets */,
			);
			path = "Preview Content";
			sourceTree = "<group>";
		};
/* End PBXGroup section */

/* Begin PBXNativeTarget section */
		7F29D54828F3D44600F93A87 /* CommunicationHelperApp */ = {
			isa = PBXNativeTarget;
			buildConfigurationList = 7F29D55728F3D44700F93A87 /* Build configuration list for PBXNativeTarget "CommunicationHelperApp" */;
			buildPhases = (
				7F29D54528F3D44600F93A87 /* Sources */,
				7F29D54628F3D44600F93A87 /* Frameworks */,
				7F29D54728F3D44600F93A87 /* Resources */,
			);
			buildRules = (
			);
			dependencies = (
			);
			name = CommunicationHelperApp;
			packageProductDependencies = (
				7F29D55B28F3D6B500F93A87 /* ComposableArchitecture */,
				7F29D56028F3F3F000F93A87 /* FirebaseAnalytics */,
				7F29D56228F3F3F000F93A87 /* FirebaseAuth */,
				7F29D56428F3F3F000F93A87 /* FirebaseCrashlytics */,
				7F29D56628F3F3F000F93A87 /* FirebaseFirestore */,
			);
			productName = CommunicationHelperApp;
			productReference = 7F29D54928F3D44600F93A87 /* CommunicationHelperApp.app */;
			productType = "com.apple.product-type.application";
		};
/* End PBXNativeTarget section */

/* Begin PBXProject section */
		7F29D54128F3D44600F93A87 /* Project object */ = {
			isa = PBXProject;
			attributes = {
				BuildIndependentTargetsInParallel = 1;
				LastSwiftUpdateCheck = 1400;
				LastUpgradeCheck = 1400;
				TargetAttributes = {
					7F29D54828F3D44600F93A87 = {
						CreatedOnToolsVersion = 14.0;
					};
				};
			};
			buildConfigurationList = 7F29D54428F3D44600F93A87 /* Build configuration list for PBXProject "CommunicationHelperApp" */;
			compatibilityVersion = "Xcode 14.0";
			developmentRegion = en;
			hasScannedForEncodings = 0;
			knownRegions = (
				en,
				Base,
			);
			mainGroup = 7F29D54028F3D44600F93A87;
			packageReferences = (
				7F29D55A28F3D6B500F93A87 /* XCRemoteSwiftPackageReference "swift-composable-architecture" */,
				7F29D55F28F3F3F000F93A87 /* XCRemoteSwiftPackageReference "firebase-ios-sdk" */,
			);
			productRefGroup = 7F29D54A28F3D44600F93A87 /* Products */;
			projectDirPath = "";
			projectRoot = "";
			targets = (
				7F29D54828F3D44600F93A87 /* CommunicationHelperApp */,
			);
		};
/* End PBXProject section */

/* Begin PBXResourcesBuildPhase section */
		7F29D54728F3D44600F93A87 /* Resources */ = {
			isa = PBXResourcesBuildPhase;
			buildActionMask = 2147483647;
			files = (
				7F29D55428F3D44700F93A87 /* Preview Assets.xcassets in Resources */,
				7F29D55128F3D44700F93A87 /* Assets.xcassets in Resources */,
				7F29D55E28F3F27900F93A87 /* GoogleService-Info.plist in Resources */,
			);
			runOnlyForDeploymentPostprocessing = 0;
		};
/* End PBXResourcesBuildPhase section */

/* Begin PBXSourcesBuildPhase section */
		7F29D54528F3D44600F93A87 /* Sources */ = {
			isa = PBXSourcesBuildPhase;
			buildActionMask = 2147483647;
			files = (
				7F29D5712902EB3300F93A87 /* UIImage+Ext.swift in Sources */,
				7F29D54F28F3D44600F93A87 /* TopView.swift in Sources */,
				7F29D56B2902D91000F93A87 /* QRCodeGenerator.swift in Sources */,
				7F29D54D28F3D44600F93A87 /* CommunicationHelperAppApp.swift in Sources */,
				7F29D56D2902DB4700F93A87 /* OwnerQRCodeView.swift in Sources */,
				7F29D56928FEECE900F93A87 /* TopCore.swift in Sources */,
				7F29D56F2902E63300F93A87 /* Constants.swift in Sources */,
			);
			runOnlyForDeploymentPostprocessing = 0;
		};
/* End PBXSourcesBuildPhase section */

/* Begin XCBuildConfiguration section */
		7F29D55528F3D44700F93A87 /* Debug */ = {
			isa = XCBuildConfiguration;
			buildSettings = {
				ALWAYS_SEARCH_USER_PATHS = NO;
				CLANG_ANALYZER_NONNULL = YES;
				CLANG_ANALYZER_NUMBER_OBJECT_CONVERSION = YES_AGGRESSIVE;
				CLANG_CXX_LANGUAGE_STANDARD = "gnu++20";
				CLANG_ENABLE_MODULES = YES;
				CLANG_ENABLE_OBJC_ARC = YES;
				CLANG_ENABLE_OBJC_WEAK = YES;
				CLANG_WARN_BLOCK_CAPTURE_AUTORELEASING = YES;
				CLANG_WARN_BOOL_CONVERSION = YES;
				CLANG_WARN_COMMA = YES;
				CLANG_WARN_CONSTANT_CONVERSION = YES;
				CLANG_WARN_DEPRECATED_OBJC_IMPLEMENTATIONS = YES;
				CLANG_WARN_DIRECT_OBJC_ISA_USAGE = YES_ERROR;
				CLANG_WARN_DOCUMENTATION_COMMENTS = YES;
				CLANG_WARN_EMPTY_BODY = YES;
				CLANG_WARN_ENUM_CONVERSION = YES;
				CLANG_WARN_INFINITE_RECURSION = YES;
				CLANG_WARN_INT_CONVERSION = YES;
				CLANG_WARN_NON_LITERAL_NULL_CONVERSION = YES;
				CLANG_WARN_OBJC_IMPLICIT_RETAIN_SELF = YES;
				CLANG_WARN_OBJC_LITERAL_CONVERSION = YES;
				CLANG_WARN_OBJC_ROOT_CLASS = YES_ERROR;
				CLANG_WARN_QUOTED_INCLUDE_IN_FRAMEWORK_HEADER = YES;
				CLANG_WARN_RANGE_LOOP_ANALYSIS = YES;
				CLANG_WARN_STRICT_PROTOTYPES = YES;
				CLANG_WARN_SUSPICIOUS_MOVE = YES;
				CLANG_WARN_UNGUARDED_AVAILABILITY = YES_AGGRESSIVE;
				CLANG_WARN_UNREACHABLE_CODE = YES;
				CLANG_WARN__DUPLICATE_METHOD_MATCH = YES;
				COPY_PHASE_STRIP = NO;
				DEBUG_INFORMATION_FORMAT = dwarf;
				ENABLE_STRICT_OBJC_MSGSEND = YES;
				ENABLE_TESTABILITY = YES;
				GCC_C_LANGUAGE_STANDARD = gnu11;
				GCC_DYNAMIC_NO_PIC = NO;
				GCC_NO_COMMON_BLOCKS = YES;
				GCC_OPTIMIZATION_LEVEL = 0;
				GCC_PREPROCESSOR_DEFINITIONS = (
					"DEBUG=1",
					"$(inherited)",
				);
				GCC_WARN_64_TO_32_BIT_CONVERSION = YES;
				GCC_WARN_ABOUT_RETURN_TYPE = YES_ERROR;
				GCC_WARN_UNDECLARED_SELECTOR = YES;
				GCC_WARN_UNINITIALIZED_AUTOS = YES_AGGRESSIVE;
				GCC_WARN_UNUSED_FUNCTION = YES;
				GCC_WARN_UNUSED_VARIABLE = YES;
				IPHONEOS_DEPLOYMENT_TARGET = 15.6;
				MTL_ENABLE_DEBUG_INFO = INCLUDE_SOURCE;
				MTL_FAST_MATH = YES;
				ONLY_ACTIVE_ARCH = YES;
				SDKROOT = iphoneos;
				SWIFT_ACTIVE_COMPILATION_CONDITIONS = DEBUG;
				SWIFT_OPTIMIZATION_LEVEL = "-Onone";
			};
			name = Debug;
		};
		7F29D55628F3D44700F93A87 /* Release */ = {
			isa = XCBuildConfiguration;
			buildSettings = {
				ALWAYS_SEARCH_USER_PATHS = NO;
				CLANG_ANALYZER_NONNULL = YES;
				CLANG_ANALYZER_NUMBER_OBJECT_CONVERSION = YES_AGGRESSIVE;
				CLANG_CXX_LANGUAGE_STANDARD = "gnu++20";
				CLANG_ENABLE_MODULES = YES;
				CLANG_ENABLE_OBJC_ARC = YES;
				CLANG_ENABLE_OBJC_WEAK = YES;
				CLANG_WARN_BLOCK_CAPTURE_AUTORELEASING = YES;
				CLANG_WARN_BOOL_CONVERSION = YES;
				CLANG_WARN_COMMA = YES;
				CLANG_WARN_CONSTANT_CONVERSION = YES;
				CLANG_WARN_DEPRECATED_OBJC_IMPLEMENTATIONS = YES;
				CLANG_WARN_DIRECT_OBJC_ISA_USAGE = YES_ERROR;
				CLANG_WARN_DOCUMENTATION_COMMENTS = YES;
				CLANG_WARN_EMPTY_BODY = YES;
				CLANG_WARN_ENUM_CONVERSION = YES;
				CLANG_WARN_INFINITE_RECURSION = YES;
				CLANG_WARN_INT_CONVERSION = YES;
				CLANG_WARN_NON_LITERAL_NULL_CONVERSION = YES;
				CLANG_WARN_OBJC_IMPLICIT_RETAIN_SELF = YES;
				CLANG_WARN_OBJC_LITERAL_CONVERSION = YES;
				CLANG_WARN_OBJC_ROOT_CLASS = YES_ERROR;
				CLANG_WARN_QUOTED_INCLUDE_IN_FRAMEWORK_HEADER = YES;
				CLANG_WARN_RANGE_LOOP_ANALYSIS = YES;
				CLANG_WARN_STRICT_PROTOTYPES = YES;
				CLANG_WARN_SUSPICIOUS_MOVE = YES;
				CLANG_WARN_UNGUARDED_AVAILABILITY = YES_AGGRESSIVE;
				CLANG_WARN_UNREACHABLE_CODE = YES;
				CLANG_WARN__DUPLICATE_METHOD_MATCH = YES;
				COPY_PHASE_STRIP = NO;
				DEBUG_INFORMATION_FORMAT = "dwarf-with-dsym";
				ENABLE_NS_ASSERTIONS = NO;
				ENABLE_STRICT_OBJC_MSGSEND = YES;
				GCC_C_LANGUAGE_STANDARD = gnu11;
				GCC_NO_COMMON_BLOCKS = YES;
				GCC_WARN_64_TO_32_BIT_CONVERSION = YES;
				GCC_WARN_ABOUT_RETURN_TYPE = YES_ERROR;
				GCC_WARN_UNDECLARED_SELECTOR = YES;
				GCC_WARN_UNINITIALIZED_AUTOS = YES_AGGRESSIVE;
				GCC_WARN_UNUSED_FUNCTION = YES;
				GCC_WARN_UNUSED_VARIABLE = YES;
				IPHONEOS_DEPLOYMENT_TARGET = 15.6;
				MTL_ENABLE_DEBUG_INFO = NO;
				MTL_FAST_MATH = YES;
				SDKROOT = iphoneos;
				SWIFT_COMPILATION_MODE = wholemodule;
				SWIFT_OPTIMIZATION_LEVEL = "-O";
				VALIDATE_PRODUCT = YES;
			};
			name = Release;
		};
		7F29D55828F3D44700F93A87 /* Debug */ = {
			isa = XCBuildConfiguration;
			buildSettings = {
				ASSETCATALOG_COMPILER_APPICON_NAME = AppIcon;
				ASSETCATALOG_COMPILER_GLOBAL_ACCENT_COLOR_NAME = AccentColor;
				CODE_SIGN_STYLE = Automatic;
				CURRENT_PROJECT_VERSION = 1;
				DEVELOPMENT_ASSET_PATHS = "\"CommunicationHelperApp/Preview Content\"";
				DEVELOPMENT_TEAM = K6FA22KGKX;
				ENABLE_PREVIEWS = YES;
				GENERATE_INFOPLIST_FILE = YES;
				INFOPLIST_KEY_UIApplicationSceneManifest_Generation = YES;
				INFOPLIST_KEY_UIApplicationSupportsIndirectInputEvents = YES;
				INFOPLIST_KEY_UILaunchScreen_Generation = YES;
				INFOPLIST_KEY_UISupportedInterfaceOrientations_iPad = "UIInterfaceOrientationPortrait UIInterfaceOrientationPortraitUpsideDown UIInterfaceOrientationLandscapeLeft UIInterfaceOrientationLandscapeRight";
				INFOPLIST_KEY_UISupportedInterfaceOrientations_iPhone = "UIInterfaceOrientationPortrait UIInterfaceOrientationLandscapeLeft UIInterfaceOrientationLandscapeRight";
				IPHONEOS_DEPLOYMENT_TARGET = 15.0;
				LD_RUNPATH_SEARCH_PATHS = (
					"$(inherited)",
					"@executable_path/Frameworks",
				);
				MARKETING_VERSION = 1.0;
				PRODUCT_BUNDLE_IDENTIFIER = com.withios.CommunicationHelperApp;
				PRODUCT_NAME = "$(TARGET_NAME)";
				SWIFT_EMIT_LOC_STRINGS = YES;
				SWIFT_VERSION = 5.0;
				TARGETED_DEVICE_FAMILY = "1,2";
			};
			name = Debug;
		};
		7F29D55928F3D44700F93A87 /* Release */ = {
			isa = XCBuildConfiguration;
			buildSettings = {
				ASSETCATALOG_COMPILER_APPICON_NAME = AppIcon;
				ASSETCATALOG_COMPILER_GLOBAL_ACCENT_COLOR_NAME = AccentColor;
				CODE_SIGN_STYLE = Automatic;
				CURRENT_PROJECT_VERSION = 1;
				DEVELOPMENT_ASSET_PATHS = "\"CommunicationHelperApp/Preview Content\"";
				DEVELOPMENT_TEAM = K6FA22KGKX;
				ENABLE_PREVIEWS = YES;
				GENERATE_INFOPLIST_FILE = YES;
				INFOPLIST_KEY_UIApplicationSceneManifest_Generation = YES;
				INFOPLIST_KEY_UIApplicationSupportsIndirectInputEvents = YES;
				INFOPLIST_KEY_UILaunchScreen_Generation = YES;
				INFOPLIST_KEY_UISupportedInterfaceOrientations_iPad = "UIInterfaceOrientationPortrait UIInterfaceOrientationPortraitUpsideDown UIInterfaceOrientationLandscapeLeft UIInterfaceOrientationLandscapeRight";
				INFOPLIST_KEY_UISupportedInterfaceOrientations_iPhone = "UIInterfaceOrientationPortrait UIInterfaceOrientationLandscapeLeft UIInterfaceOrientationLandscapeRight";
				IPHONEOS_DEPLOYMENT_TARGET = 15.0;
				LD_RUNPATH_SEARCH_PATHS = (
					"$(inherited)",
					"@executable_path/Frameworks",
				);
				MARKETING_VERSION = 1.0;
				PRODUCT_BUNDLE_IDENTIFIER = com.withios.CommunicationHelperApp;
				PRODUCT_NAME = "$(TARGET_NAME)";
				SWIFT_EMIT_LOC_STRINGS = YES;
				SWIFT_VERSION = 5.0;
				TARGETED_DEVICE_FAMILY = "1,2";
			};
			name = Release;
		};
/* End XCBuildConfiguration section */

/* Begin XCConfigurationList section */
		7F29D54428F3D44600F93A87 /* Build configuration list for PBXProject "CommunicationHelperApp" */ = {
			isa = XCConfigurationList;
			buildConfigurations = (
				7F29D55528F3D44700F93A87 /* Debug */,
				7F29D55628F3D44700F93A87 /* Release */,
			);
			defaultConfigurationIsVisible = 0;
			defaultConfigurationName = Release;
		};
		7F29D55728F3D44700F93A87 /* Build configuration list for PBXNativeTarget "CommunicationHelperApp" */ = {
			isa = XCConfigurationList;
			buildConfigurations = (
				7F29D55828F3D44700F93A87 /* Debug */,
				7F29D55928F3D44700F93A87 /* Release */,
			);
			defaultConfigurationIsVisible = 0;
			defaultConfigurationName = Release;
		};
/* End XCConfigurationList section */

/* Begin XCRemoteSwiftPackageReference section */
		7F29D55A28F3D6B500F93A87 /* XCRemoteSwiftPackageReference "swift-composable-architecture" */ = {
			isa = XCRemoteSwiftPackageReference;
			repositoryURL = "https://github.com/pointfreeco/swift-composable-architecture";
			requirement = {
				branch = main;
				kind = branch;
			};
		};
		7F29D55F28F3F3F000F93A87 /* XCRemoteSwiftPackageReference "firebase-ios-sdk" */ = {
			isa = XCRemoteSwiftPackageReference;
			repositoryURL = "https://github.com/firebase/firebase-ios-sdk";
			requirement = {
				kind = upToNextMajorVersion;
				minimumVersion = 9.0.0;
			};
		};
/* End XCRemoteSwiftPackageReference section */

/* Begin XCSwiftPackageProductDependency section */
		7F29D55B28F3D6B500F93A87 /* ComposableArchitecture */ = {
			isa = XCSwiftPackageProductDependency;
			package = 7F29D55A28F3D6B500F93A87 /* XCRemoteSwiftPackageReference "swift-composable-architecture" */;
			productName = ComposableArchitecture;
		};
		7F29D56028F3F3F000F93A87 /* FirebaseAnalytics */ = {
			isa = XCSwiftPackageProductDependency;
			package = 7F29D55F28F3F3F000F93A87 /* XCRemoteSwiftPackageReference "firebase-ios-sdk" */;
			productName = FirebaseAnalytics;
		};
		7F29D56228F3F3F000F93A87 /* FirebaseAuth */ = {
			isa = XCSwiftPackageProductDependency;
			package = 7F29D55F28F3F3F000F93A87 /* XCRemoteSwiftPackageReference "firebase-ios-sdk" */;
			productName = FirebaseAuth;
		};
		7F29D56428F3F3F000F93A87 /* FirebaseCrashlytics */ = {
			isa = XCSwiftPackageProductDependency;
			package = 7F29D55F28F3F3F000F93A87 /* XCRemoteSwiftPackageReference "firebase-ios-sdk" */;
			productName = FirebaseCrashlytics;
		};
		7F29D56628F3F3F000F93A87 /* FirebaseFirestore */ = {
			isa = XCSwiftPackageProductDependency;
			package = 7F29D55F28F3F3F000F93A87 /* XCRemoteSwiftPackageReference "firebase-ios-sdk" */;
			productName = FirebaseFirestore;
		};
/* End XCSwiftPackageProductDependency section */
	};
	rootObject = 7F29D54128F3D44600F93A87 /* Project object */;
}
